
Microsoft Visual Studio Solution File, Format Version 12.00
# Visual Studio Version 16
VisualStudioVersion = 16.0.30114.105
MinimumVisualStudioVersion = 10.0.40219.1
Project("{2150E333-8FDC-42A3-9474-1A3956D46DE8}") = "Src", "Src", "{F697BA80-9B44-4872-BB7E-604FFFD8AEC0}"
EndProject
Project("{2150E333-8FDC-42A3-9474-1A3956D46DE8}") = "Tests", "Tests", "{CCABAC24-2564-404A-BF79-018EDB712F17}"
EndProject
Project("{FAE04EC0-301F-11D3-BF4B-00C04F79EFBC}") = "Application", "Src\Application\Application.csproj", "{17AE6321-1BC5-458D-AA41-B79731166868}"
EndProject
Project("{FAE04EC0-301F-11D3-BF4B-00C04F79EFBC}") = "WebApi", "Src\WebApi\WebApi.csproj", "{D592FD0E-23C8-4B65-82A0-4B14BE118E76}"
EndProject
Project("{FAE04EC0-301F-11D3-BF4B-00C04F79EFBC}") = "Infrastructure", "Src\Infrastructure\Infrastructure.csproj", "{6BC138FF-C456-453C-91BE-70F86A533690}"
EndProject
Project("{2150E333-8FDC-42A3-9474-1A3956D46DE8}") = "Infrastructure", "Infrastructure", "{65A06C0D-A681-405C-BD80-89661388A77F}"
EndProject
Project("{FAE04EC0-301F-11D3-BF4B-00C04F79EFBC}") = "Domain", "Src\Domain\Domain.csproj", "{F0686AFF-25A6-4425-AFBE-FA949B4EDD64}"
EndProject
Project("{2150E333-8FDC-42A3-9474-1A3956D46DE8}") = "Application", "Application", "{F16E4516-08E8-4DF0-BE37-ACBDB3263482}"
EndProject
Project("{FAE04EC0-301F-11D3-BF4B-00C04F79EFBC}") = "Application.IntegrationTests", "Tests\Application\Application.IntegrationTests\Application.IntegrationTests.csproj", "{FBDFC968-B252-46D5-B7C8-8FAAB0B643E0}"
EndProject
Project("{FAE04EC0-301F-11D3-BF4B-00C04F79EFBC}") = "Application.UnitTests", "Tests\Application\Application.UnitTests\Application.UnitTests.csproj", "{C2964AD6-D34B-40A3-B4D6-3E6ABC3FCB0A}"
EndProject
Project("{FAE04EC0-301F-11D3-BF4B-00C04F79EFBC}") = "CompilerService.IntegrationTests", "Tests\Infrastructure\CompilerService.IntegrationTests\CompilerService.IntegrationTests.csproj", "{6F69ED4D-BAB2-40C5-AC6C-95F806722FF9}"
EndProject
Global
	GlobalSection(SolutionConfigurationPlatforms) = preSolution
		Debug|Any CPU = Debug|Any CPU
		Debug|x64 = Debug|x64
		Debug|x86 = Debug|x86
		Release|Any CPU = Release|Any CPU
		Release|x64 = Release|x64
		Release|x86 = Release|x86
	EndGlobalSection
	GlobalSection(SolutionProperties) = preSolution
		HideSolutionNode = FALSE
	EndGlobalSection
	GlobalSection(ProjectConfigurationPlatforms) = postSolution
		{17AE6321-1BC5-458D-AA41-B79731166868}.Debug|Any CPU.ActiveCfg = Debug|Any CPU
		{17AE6321-1BC5-458D-AA41-B79731166868}.Debug|Any CPU.Build.0 = Debug|Any CPU
		{17AE6321-1BC5-458D-AA41-B79731166868}.Debug|x64.ActiveCfg = Debug|Any CPU
		{17AE6321-1BC5-458D-AA41-B79731166868}.Debug|x64.Build.0 = Debug|Any CPU
		{17AE6321-1BC5-458D-AA41-B79731166868}.Debug|x86.ActiveCfg = Debug|Any CPU
		{17AE6321-1BC5-458D-AA41-B79731166868}.Debug|x86.Build.0 = Debug|Any CPU
		{17AE6321-1BC5-458D-AA41-B79731166868}.Release|Any CPU.ActiveCfg = Release|Any CPU
		{17AE6321-1BC5-458D-AA41-B79731166868}.Release|Any CPU.Build.0 = Release|Any CPU
		{17AE6321-1BC5-458D-AA41-B79731166868}.Release|x64.ActiveCfg = Release|Any CPU
		{17AE6321-1BC5-458D-AA41-B79731166868}.Release|x64.Build.0 = Release|Any CPU
		{17AE6321-1BC5-458D-AA41-B79731166868}.Release|x86.ActiveCfg = Release|Any CPU
		{17AE6321-1BC5-458D-AA41-B79731166868}.Release|x86.Build.0 = Release|Any CPU
		{D592FD0E-23C8-4B65-82A0-4B14BE118E76}.Debug|Any CPU.ActiveCfg = Debug|Any CPU
		{D592FD0E-23C8-4B65-82A0-4B14BE118E76}.Debug|Any CPU.Build.0 = Debug|Any CPU
		{D592FD0E-23C8-4B65-82A0-4B14BE118E76}.Debug|x64.ActiveCfg = Debug|Any CPU
		{D592FD0E-23C8-4B65-82A0-4B14BE118E76}.Debug|x64.Build.0 = Debug|Any CPU
		{D592FD0E-23C8-4B65-82A0-4B14BE118E76}.Debug|x86.ActiveCfg = Debug|Any CPU
		{D592FD0E-23C8-4B65-82A0-4B14BE118E76}.Debug|x86.Build.0 = Debug|Any CPU
		{D592FD0E-23C8-4B65-82A0-4B14BE118E76}.Release|Any CPU.ActiveCfg = Release|Any CPU
		{D592FD0E-23C8-4B65-82A0-4B14BE118E76}.Release|Any CPU.Build.0 = Release|Any CPU
		{D592FD0E-23C8-4B65-82A0-4B14BE118E76}.Release|x64.ActiveCfg = Release|Any CPU
		{D592FD0E-23C8-4B65-82A0-4B14BE118E76}.Release|x64.Build.0 = Release|Any CPU
		{D592FD0E-23C8-4B65-82A0-4B14BE118E76}.Release|x86.ActiveCfg = Release|Any CPU
		{D592FD0E-23C8-4B65-82A0-4B14BE118E76}.Release|x86.Build.0 = Release|Any CPU
		{6BC138FF-C456-453C-91BE-70F86A533690}.Debug|Any CPU.ActiveCfg = Debug|Any CPU
		{6BC138FF-C456-453C-91BE-70F86A533690}.Debug|Any CPU.Build.0 = Debug|Any CPU
		{6BC138FF-C456-453C-91BE-70F86A533690}.Debug|x64.ActiveCfg = Debug|Any CPU
		{6BC138FF-C456-453C-91BE-70F86A533690}.Debug|x64.Build.0 = Debug|Any CPU
		{6BC138FF-C456-453C-91BE-70F86A533690}.Debug|x86.ActiveCfg = Debug|Any CPU
		{6BC138FF-C456-453C-91BE-70F86A533690}.Debug|x86.Build.0 = Debug|Any CPU
		{6BC138FF-C456-453C-91BE-70F86A533690}.Release|Any CPU.ActiveCfg = Release|Any CPU
		{6BC138FF-C456-453C-91BE-70F86A533690}.Release|Any CPU.Build.0 = Release|Any CPU
		{6BC138FF-C456-453C-91BE-70F86A533690}.Release|x64.ActiveCfg = Release|Any CPU
		{6BC138FF-C456-453C-91BE-70F86A533690}.Release|x64.Build.0 = Release|Any CPU
		{6BC138FF-C456-453C-91BE-70F86A533690}.Release|x86.ActiveCfg = Release|Any CPU
		{6BC138FF-C456-453C-91BE-70F86A533690}.Release|x86.Build.0 = Release|Any CPU
		{F0686AFF-25A6-4425-AFBE-FA949B4EDD64}.Debug|Any CPU.ActiveCfg = Debug|Any CPU
		{F0686AFF-25A6-4425-AFBE-FA949B4EDD64}.Debug|Any CPU.Build.0 = Debug|Any CPU
		{F0686AFF-25A6-4425-AFBE-FA949B4EDD64}.Debug|x64.ActiveCfg = Debug|Any CPU
		{F0686AFF-25A6-4425-AFBE-FA949B4EDD64}.Debug|x64.Build.0 = Debug|Any CPU
		{F0686AFF-25A6-4425-AFBE-FA949B4EDD64}.Debug|x86.ActiveCfg = Debug|Any CPU
		{F0686AFF-25A6-4425-AFBE-FA949B4EDD64}.Debug|x86.Build.0 = Debug|Any CPU
		{F0686AFF-25A6-4425-AFBE-FA949B4EDD64}.Release|Any CPU.ActiveCfg = Release|Any CPU
		{F0686AFF-25A6-4425-AFBE-FA949B4EDD64}.Release|Any CPU.Build.0 = Release|Any CPU
		{F0686AFF-25A6-4425-AFBE-FA949B4EDD64}.Release|x64.ActiveCfg = Release|Any CPU
		{F0686AFF-25A6-4425-AFBE-FA949B4EDD64}.Release|x64.Build.0 = Release|Any CPU
		{F0686AFF-25A6-4425-AFBE-FA949B4EDD64}.Release|x86.ActiveCfg = Release|Any CPU
		{F0686AFF-25A6-4425-AFBE-FA949B4EDD64}.Release|x86.Build.0 = Release|Any CPU
		{FBDFC968-B252-46D5-B7C8-8FAAB0B643E0}.Debug|Any CPU.ActiveCfg = Debug|Any CPU
		{FBDFC968-B252-46D5-B7C8-8FAAB0B643E0}.Debug|Any CPU.Build.0 = Debug|Any CPU
		{FBDFC968-B252-46D5-B7C8-8FAAB0B643E0}.Debug|x64.ActiveCfg = Debug|Any CPU
		{FBDFC968-B252-46D5-B7C8-8FAAB0B643E0}.Debug|x64.Build.0 = Debug|Any CPU
		{FBDFC968-B252-46D5-B7C8-8FAAB0B643E0}.Debug|x86.ActiveCfg = Debug|Any CPU
		{FBDFC968-B252-46D5-B7C8-8FAAB0B643E0}.Debug|x86.Build.0 = Debug|Any CPU
		{FBDFC968-B252-46D5-B7C8-8FAAB0B643E0}.Release|Any CPU.ActiveCfg = Release|Any CPU
		{FBDFC968-B252-46D5-B7C8-8FAAB0B643E0}.Release|Any CPU.Build.0 = Release|Any CPU
		{FBDFC968-B252-46D5-B7C8-8FAAB0B643E0}.Release|x64.ActiveCfg = Release|Any CPU
		{FBDFC968-B252-46D5-B7C8-8FAAB0B643E0}.Release|x64.Build.0 = Release|Any CPU
		{FBDFC968-B252-46D5-B7C8-8FAAB0B643E0}.Release|x86.ActiveCfg = Release|Any CPU
		{FBDFC968-B252-46D5-B7C8-8FAAB0B643E0}.Release|x86.Build.0 = Release|Any CPU
		{C2964AD6-D34B-40A3-B4D6-3E6ABC3FCB0A}.Debug|Any CPU.ActiveCfg = Debug|Any CPU
		{C2964AD6-D34B-40A3-B4D6-3E6ABC3FCB0A}.Debug|Any CPU.Build.0 = Debug|Any CPU
		{C2964AD6-D34B-40A3-B4D6-3E6ABC3FCB0A}.Debug|x64.ActiveCfg = Debug|Any CPU
		{C2964AD6-D34B-40A3-B4D6-3E6ABC3FCB0A}.Debug|x64.Build.0 = Debug|Any CPU
		{C2964AD6-D34B-40A3-B4D6-3E6ABC3FCB0A}.Debug|x86.ActiveCfg = Debug|Any CPU
		{C2964AD6-D34B-40A3-B4D6-3E6ABC3FCB0A}.Debug|x86.Build.0 = Debug|Any CPU
		{C2964AD6-D34B-40A3-B4D6-3E6ABC3FCB0A}.Release|Any CPU.ActiveCfg = Release|Any CPU
		{C2964AD6-D34B-40A3-B4D6-3E6ABC3FCB0A}.Release|Any CPU.Build.0 = Release|Any CPU
		{C2964AD6-D34B-40A3-B4D6-3E6ABC3FCB0A}.Release|x64.ActiveCfg = Release|Any CPU
		{C2964AD6-D34B-40A3-B4D6-3E6ABC3FCB0A}.Release|x64.Build.0 = Release|Any CPU
		{C2964AD6-D34B-40A3-B4D6-3E6ABC3FCB0A}.Release|x86.ActiveCfg = Release|Any CPU
		{C2964AD6-D34B-40A3-B4D6-3E6ABC3FCB0A}.Release|x86.Build.0 = Release|Any CPU
		{6F69ED4D-BAB2-40C5-AC6C-95F806722FF9}.Debug|Any CPU.ActiveCfg = Debug|Any CPU
		{6F69ED4D-BAB2-40C5-AC6C-95F806722FF9}.Debug|Any CPU.Build.0 = Debug|Any CPU
		{6F69ED4D-BAB2-40C5-AC6C-95F806722FF9}.Debug|x64.ActiveCfg = Debug|Any CPU
		{6F69ED4D-BAB2-40C5-AC6C-95F806722FF9}.Debug|x64.Build.0 = Debug|Any CPU
		{6F69ED4D-BAB2-40C5-AC6C-95F806722FF9}.Debug|x86.ActiveCfg = Debug|Any CPU
		{6F69ED4D-BAB2-40C5-AC6C-95F806722FF9}.Debug|x86.Build.0 = Debug|Any CPU
		{6F69ED4D-BAB2-40C5-AC6C-95F806722FF9}.Release|Any CPU.ActiveCfg = Release|Any CPU
		{6F69ED4D-BAB2-40C5-AC6C-95F806722FF9}.Release|Any CPU.Build.0 = Release|Any CPU
		{6F69ED4D-BAB2-40C5-AC6C-95F806722FF9}.Release|x64.ActiveCfg = Release|Any CPU
		{6F69ED4D-BAB2-40C5-AC6C-95F806722FF9}.Release|x64.Build.0 = Release|Any CPU
		{6F69ED4D-BAB2-40C5-AC6C-95F806722FF9}.Release|x86.ActiveCfg = Release|Any CPU
		{6F69ED4D-BAB2-40C5-AC6C-95F806722FF9}.Release|x86.Build.0 = Release|Any CPU
	EndGlobalSection
	GlobalSection(NestedProjects) = preSolution
		{17AE6321-1BC5-458D-AA41-B79731166868} = {F697BA80-9B44-4872-BB7E-604FFFD8AEC0}
		{D592FD0E-23C8-4B65-82A0-4B14BE118E76} = {F697BA80-9B44-4872-BB7E-604FFFD8AEC0}
		{6BC138FF-C456-453C-91BE-70F86A533690} = {F697BA80-9B44-4872-BB7E-604FFFD8AEC0}
		{65A06C0D-A681-405C-BD80-89661388A77F} = {CCABAC24-2564-404A-BF79-018EDB712F17}
		{F0686AFF-25A6-4425-AFBE-FA949B4EDD64} = {F697BA80-9B44-4872-BB7E-604FFFD8AEC0}
		{F16E4516-08E8-4DF0-BE37-ACBDB3263482} = {CCABAC24-2564-404A-BF79-018EDB712F17}
		{FBDFC968-B252-46D5-B7C8-8FAAB0B643E0} = {F16E4516-08E8-4DF0-BE37-ACBDB3263482}
		{C2964AD6-D34B-40A3-B4D6-3E6ABC3FCB0A} = {F16E4516-08E8-4DF0-BE37-ACBDB3263482}
		{6F69ED4D-BAB2-40C5-AC6C-95F806722FF9} = {65A06C0D-A681-405C-BD80-89661388A77F}
	EndGlobalSection
EndGlobal
